// !$*UTF8*$!
{
	archiveVersion = 1;
	classes = {
	};
	objectVersion = 56;
	objects = {

/* Begin PBXBuildFile section */
		047E9BB02AAAB0B1000B61DD /* AppDelegate.swift in Sources */ = {isa = PBXBuildFile; fileRef = 047E9BAF2AAAB0B1000B61DD /* AppDelegate.swift */; };
		047E9BB22AAAB0B1000B61DD /* SceneDelegate.swift in Sources */ = {isa = PBXBuildFile; fileRef = 047E9BB12AAAB0B1000B61DD /* SceneDelegate.swift */; };
		047E9BB42AAAB0B1000B61DD /* ViewController.swift in Sources */ = {isa = PBXBuildFile; fileRef = 047E9BB32AAAB0B1000B61DD /* ViewController.swift */; };
		047E9BB72AAAB0B1000B61DD /* Main.storyboard in Resources */ = {isa = PBXBuildFile; fileRef = 047E9BB52AAAB0B1000B61DD /* Main.storyboard */; };
		047E9BB92AAAB0B2000B61DD /* Assets.xcassets in Resources */ = {isa = PBXBuildFile; fileRef = 047E9BB82AAAB0B2000B61DD /* Assets.xcassets */; };
		047E9BBC2AAAB0B2000B61DD /* LaunchScreen.storyboard in Resources */ = {isa = PBXBuildFile; fileRef = 047E9BBA2AAAB0B2000B61DD /* LaunchScreen.storyboard */; };
		047E9BC52AAAB15C000B61DD /* RxCocoa in Frameworks */ = {isa = PBXBuildFile; productRef = 047E9BC42AAAB15C000B61DD /* RxCocoa */; };
		047E9BC72AAAB15C000B61DD /* RxRelay in Frameworks */ = {isa = PBXBuildFile; productRef = 047E9BC62AAAB15C000B61DD /* RxRelay */; };
		047E9BC92AAAB15C000B61DD /* RxSwift in Frameworks */ = {isa = PBXBuildFile; productRef = 047E9BC82AAAB15C000B61DD /* RxSwift */; };
/* End PBXBuildFile section */

/* Begin PBXFileReference section */
		047E9BAC2AAAB0B1000B61DD /* RxSwiftDemo.app */ = {isa = PBXFileReference; explicitFileType = wrapper.application; includeInIndex = 0; path = RxSwiftDemo.app; sourceTree = BUILT_PRODUCTS_DIR; };
		047E9BAF2AAAB0B1000B61DD /* AppDelegate.swift */ = {isa = PBXFileReference; lastKnownFileType = sourcecode.swift; path = AppDelegate.swift; sourceTree = "<group>"; };
		047E9BB12AAAB0B1000B61DD /* SceneDelegate.swift */ = {isa = PBXFileReference; lastKnownFileType = sourcecode.swift; path = SceneDelegate.swift; sourceTree = "<group>"; };
		047E9BB32AAAB0B1000B61DD /* ViewController.swift */ = {isa = PBXFileReference; lastKnownFileType = sourcecode.swift; path = ViewController.swift; sourceTree = "<group>"; };
		047E9BB62AAAB0B1000B61DD /* Base */ = {isa = PBXFileReference; lastKnownFileType = file.storyboard; name = Base; path = Base.lproj/Main.storyboard; sourceTree = "<group>"; };
		047E9BB82AAAB0B2000B61DD /* Assets.xcassets */ = {isa = PBXFileReference; lastKnownFileType = folder.assetcatalog; path = Assets.xcassets; sourceTree = "<group>"; };
		047E9BBB2AAAB0B2000B61DD /* Base */ = {isa = PBXFileReference; lastKnownFileType = file.storyboard; name = Base; path = Base.lproj/LaunchScreen.storyboard; sourceTree = "<group>"; };
		047E9BBD2AAAB0B2000B61DD /* Info.plist */ = {isa = PBXFileReference; lastKnownFileType = text.plist.xml; path = Info.plist; sourceTree = "<group>"; };
		047E9BCA2AAAB1E9000B61DD /* MyPlayground.playground */ = {isa = PBXFileReference; lastKnownFileType = file.playground; path = MyPlayground.playground; sourceTree = "<group>"; xcLanguageSpecificationIdentifier = xcode.lang.swift; };
/* End PBXFileReference section */

/* Begin PBXFrameworksBuildPhase section */
		047E9BA92AAAB0B1000B61DD /* Frameworks */ = {
			isa = PBXFrameworksBuildPhase;
			buildActionMask = 2147483647;
			files = (
				047E9BC92AAAB15C000B61DD /* RxSwift in Frameworks */,
				047E9BC72AAAB15C000B61DD /* RxRelay in Frameworks */,
				047E9BC52AAAB15C000B61DD /* RxCocoa in Frameworks */,
			);
			runOnlyForDeploymentPostprocessing = 0;
		};
/* End PBXFrameworksBuildPhase section */

/* Begin PBXGroup section */
		047E9BA32AAAB0B1000B61DD = {
			isa = PBXGroup;
			children = (
				047E9BCA2AAAB1E9000B61DD /* MyPlayground.playground */,
				047E9BAE2AAAB0B1000B61DD /* RxSwiftDemo */,
				047E9BAD2AAAB0B1000B61DD /* Products */,
			);
			sourceTree = "<group>";
		};
		047E9BAD2AAAB0B1000B61DD /* Products */ = {
			isa = PBXGroup;
			children = (
				047E9BAC2AAAB0B1000B61DD /* RxSwiftDemo.app */,
			);
			name = Products;
			sourceTree = "<group>";
		};
		047E9BAE2AAAB0B1000B61DD /* RxSwiftDemo */ = {
			isa = PBXGroup;
			children = (
				047E9BAF2AAAB0B1000B61DD /* AppDelegate.swift */,
				047E9BB12AAAB0B1000B61DD /* SceneDelegate.swift */,
				047E9BB32AAAB0B1000B61DD /* ViewController.swift */,
				047E9BB52AAAB0B1000B61DD /* Main.storyboard */,
				047E9BB82AAAB0B2000B61DD /* Assets.xcassets */,
				047E9BBA2AAAB0B2000B61DD /* LaunchScreen.storyboard */,
				047E9BBD2AAAB0B2000B61DD /* Info.plist */,
			);
			path = RxSwiftDemo;
			sourceTree = "<group>";
		};
/* End PBXGroup section */

/* Begin PBXNativeTarget section */
		047E9BAB2AAAB0B1000B61DD /* RxSwiftDemo */ = {
			isa = PBXNativeTarget;
			buildConfigurationList = 047E9BC02AAAB0B2000B61DD /* Build configuration list for PBXNativeTarget "RxSwiftDemo" */;
			buildPhases = (
				047E9BA82AAAB0B1000B61DD /* Sources */,
				047E9BA92AAAB0B1000B61DD /* Frameworks */,
				047E9BAA2AAAB0B1000B61DD /* Resources */,
			);
			buildRules = (
			);
			dependencies = (
			);
			name = RxSwiftDemo;
			packageProductDependencies = (
				047E9BC42AAAB15C000B61DD /* RxCocoa */,
				047E9BC62AAAB15C000B61DD /* RxRelay */,
				047E9BC82AAAB15C000B61DD /* RxSwift */,
			);
			productName = RxSwiftDemo;
			productReference = 047E9BAC2AAAB0B1000B61DD /* RxSwiftDemo.app */;
			productType = "com.apple.product-type.application";
		};
/* End PBXNativeTarget section */

/* Begin PBXProject section */
		047E9BA42AAAB0B1000B61DD /* Project object */ = {
			isa = PBXProject;
			attributes = {
				BuildIndependentTargetsInParallel = 1;
				LastSwiftUpdateCheck = 1420;
				LastUpgradeCheck = 1420;
				TargetAttributes = {
					047E9BAB2AAAB0B1000B61DD = {
						CreatedOnToolsVersion = 14.2;
					};
				};
			};
			buildConfigurationList = 047E9BA72AAAB0B1000B61DD /* Build configuration list for PBXProject "RxSwiftDemo" */;
			compatibilityVersion = "Xcode 14.0";
			developmentRegion = en;
			hasScannedForEncodings = 0;
			knownRegions = (
				en,
				Base,
			);
			mainGroup = 047E9BA32AAAB0B1000B61DD;
			packageReferences = (
				047E9BC32AAAB15C000B61DD /* XCRemoteSwiftPackageReference "RxSwift" */,
			);
			productRefGroup = 047E9BAD2AAAB0B1000B61DD /* Products */;
			projectDirPath = "";
			projectRoot = "";
			targets = (
				047E9BAB2AAAB0B1000B61DD /* RxSwiftDemo */,
			);
		};
/* End PBXProject section */

/* Begin PBXResourcesBuildPhase section */
		047E9BAA2AAAB0B1000B61DD /* Resources */ = {
			isa = PBXResourcesBuildPhase;
			buildActionMask = 2147483647;
			files = (
				047E9BBC2AAAB0B2000B61DD /* LaunchScreen.storyboard in Resources */,
				047E9BB92AAAB0B2000B61DD /* Assets.xcassets in Resources */,
				047E9BB72AAAB0B1000B61DD /* Main.storyboard in Resources */,
			);
			runOnlyForDeploymentPostprocessing = 0;
		};
/* End PBXResourcesBuildPhase section */

/* Begin PBXSourcesBuildPhase section */
		047E9BA82AAAB0B1000B61DD /* Sources */ = {
			isa = PBXSourcesBuildPhase;
			buildActionMask = 2147483647;
			files = (
				047E9BB42AAAB0B1000B61DD /* ViewController.swift in Sources */,
				047E9BB02AAAB0B1000B61DD /* AppDelegate.swift in Sources */,
				047E9BB22AAAB0B1000B61DD /* SceneDelegate.swift in Sources */,
			);
			runOnlyForDeploymentPostprocessing = 0;
		};
/* End PBXSourcesBuildPhase section */

/* Begin PBXVariantGroup section */
		047E9BB52AAAB0B1000B61DD /* Main.storyboard */ = {
			isa = PBXVariantGroup;
			children = (
				047E9BB62AAAB0B1000B61DD /* Base */,
			);
			name = Main.storyboard;
			sourceTree = "<group>";
		};
		047E9BBA2AAAB0B2000B61DD /* LaunchScreen.storyboard */ = {
			isa = PBXVariantGroup;
			children = (
				047E9BBB2AAAB0B2000B61DD /* Base */,
			);
			name = LaunchScreen.storyboard;
			sourceTree = "<group>";
		};
/* End PBXVariantGroup section */

/* Begin XCBuildConfiguration section */
		047E9BBE2AAAB0B2000B61DD /* Debug */ = {
			isa = XCBuildConfiguration;
			buildSettings = {
				ALWAYS_SEARCH_USER_PATHS = NO;
				CLANG_ANALYZER_NONNULL = YES;
				CLANG_ANALYZER_NUMBER_OBJECT_CONVERSION = YES_AGGRESSIVE;
				CLANG_CXX_LANGUAGE_STANDARD = "gnu++20";
				CLANG_ENABLE_MODULES = YES;
				CLANG_ENABLE_OBJC_ARC = YES;
				CLANG_ENABLE_OBJC_WEAK = YES;
				CLANG_WARN_BLOCK_CAPTURE_AUTORELEASING = YES;
				CLANG_WARN_BOOL_CONVERSION = YES;
				CLANG_WARN_COMMA = YES;
				CLANG_WARN_CONSTANT_CONVERSION = YES;
				CLANG_WARN_DEPRECATED_OBJC_IMPLEMENTATIONS = YES;
				CLANG_WARN_DIRECT_OBJC_ISA_USAGE = YES_ERROR;
				CLANG_WARN_DOCUMENTATION_COMMENTS = YES;
				CLANG_WARN_EMPTY_BODY = YES;
				CLANG_WARN_ENUM_CONVERSION = YES;
				CLANG_WARN_INFINITE_RECURSION = YES;
				CLANG_WARN_INT_CONVERSION = YES;
				CLANG_WARN_NON_LITERAL_NULL_CONVERSION = YES;
				CLANG_WARN_OBJC_IMPLICIT_RETAIN_SELF = YES;
				CLANG_WARN_OBJC_LITERAL_CONVERSION = YES;
				CLANG_WARN_OBJC_ROOT_CLASS = YES_ERROR;
				CLANG_WARN_QUOTED_INCLUDE_IN_FRAMEWORK_HEADER = YES;
				CLANG_WARN_RANGE_LOOP_ANALYSIS = YES;
				CLANG_WARN_STRICT_PROTOTYPES = YES;
				CLANG_WARN_SUSPICIOUS_MOVE = YES;
				CLANG_WARN_UNGUARDED_AVAILABILITY = YES_AGGRESSIVE;
				CLANG_WARN_UNREACHABLE_CODE = YES;
				CLANG_WARN__DUPLICATE_METHOD_MATCH = YES;
				COPY_PHASE_STRIP = NO;
				DEBUG_INFORMATION_FORMAT = dwarf;
				ENABLE_STRICT_OBJC_MSGSEND = YES;
				ENABLE_TESTABILITY = YES;
				GCC_C_LANGUAGE_STANDARD = gnu11;
				GCC_DYNAMIC_NO_PIC = NO;
				GCC_NO_COMMON_BLOCKS = YES;
				GCC_OPTIMIZATION_LEVEL = 0;
				GCC_PREPROCESSOR_DEFINITIONS = (
					"DEBUG=1",
					"$(inherited)",
				);
				GCC_WARN_64_TO_32_BIT_CONVERSION = YES;
				GCC_WARN_ABOUT_RETURN_TYPE = YES_ERROR;
				GCC_WARN_UNDECLARED_SELECTOR = YES;
				GCC_WARN_UNINITIALIZED_AUTOS = YES_AGGRESSIVE;
				GCC_WARN_UNUSED_FUNCTION = YES;
				GCC_WARN_UNUSED_VARIABLE = YES;
				IPHONEOS_DEPLOYMENT_TARGET = 16.2;
				MTL_ENABLE_DEBUG_INFO = INCLUDE_SOURCE;
				MTL_FAST_MATH = YES;
				ONLY_ACTIVE_ARCH = YES;
				SDKROOT = iphoneos;
				SWIFT_ACTIVE_COMPILATION_CONDITIONS = DEBUG;
				SWIFT_OPTIMIZATION_LEVEL = "-Onone";
			};
			name = Debug;
		};
		047E9BBF2AAAB0B2000B61DD /* Release */ = {
			isa = XCBuildConfiguration;
			buildSettings = {
				ALWAYS_SEARCH_USER_PATHS = NO;
				CLANG_ANALYZER_NONNULL = YES;
				CLANG_ANALYZER_NUMBER_OBJECT_CONVERSION = YES_AGGRESSIVE;
				CLANG_CXX_LANGUAGE_STANDARD = "gnu++20";
				CLANG_ENABLE_MODULES = YES;
				CLANG_ENABLE_OBJC_ARC = YES;
				CLANG_ENABLE_OBJC_WEAK = YES;
				CLANG_WARN_BLOCK_CAPTURE_AUTORELEASING = YES;
				CLANG_WARN_BOOL_CONVERSION = YES;
				CLANG_WARN_COMMA = YES;
				CLANG_WARN_CONSTANT_CONVERSION = YES;
				CLANG_WARN_DEPRECATED_OBJC_IMPLEMENTATIONS = YES;
				CLANG_WARN_DIRECT_OBJC_ISA_USAGE = YES_ERROR;
				CLANG_WARN_DOCUMENTATION_COMMENTS = YES;
				CLANG_WARN_EMPTY_BODY = YES;
				CLANG_WARN_ENUM_CONVERSION = YES;
				CLANG_WARN_INFINITE_RECURSION = YES;
				CLANG_WARN_INT_CONVERSION = YES;
				CLANG_WARN_NON_LITERAL_NULL_CONVERSION = YES;
				CLANG_WARN_OBJC_IMPLICIT_RETAIN_SELF = YES;
				CLANG_WARN_OBJC_LITERAL_CONVERSION = YES;
				CLANG_WARN_OBJC_ROOT_CLASS = YES_ERROR;
				CLANG_WARN_QUOTED_INCLUDE_IN_FRAMEWORK_HEADER = YES;
				CLANG_WARN_RANGE_LOOP_ANALYSIS = YES;
				CLANG_WARN_STRICT_PROTOTYPES = YES;
				CLANG_WARN_SUSPICIOUS_MOVE = YES;
				CLANG_WARN_UNGUARDED_AVAILABILITY = YES_AGGRESSIVE;
				CLANG_WARN_UNREACHABLE_CODE = YES;
				CLANG_WARN__DUPLICATE_METHOD_MATCH = YES;
				COPY_PHASE_STRIP = NO;
				DEBUG_INFORMATION_FORMAT = "dwarf-with-dsym";
				ENABLE_NS_ASSERTIONS = NO;
				ENABLE_STRICT_OBJC_MSGSEND = YES;
				GCC_C_LANGUAGE_STANDARD = gnu11;
				GCC_NO_COMMON_BLOCKS = YES;
				GCC_WARN_64_TO_32_BIT_CONVERSION = YES;
				GCC_WARN_ABOUT_RETURN_TYPE = YES_ERROR;
				GCC_WARN_UNDECLARED_SELECTOR = YES;
				GCC_WARN_UNINITIALIZED_AUTOS = YES_AGGRESSIVE;
				GCC_WARN_UNUSED_FUNCTION = YES;
				GCC_WARN_UNUSED_VARIABLE = YES;
				IPHONEOS_DEPLOYMENT_TARGET = 16.2;
				MTL_ENABLE_DEBUG_INFO = NO;
				MTL_FAST_MATH = YES;
				SDKROOT = iphoneos;
				SWIFT_COMPILATION_MODE = wholemodule;
				SWIFT_OPTIMIZATION_LEVEL = "-O";
				VALIDATE_PRODUCT = YES;
			};
			name = Release;
		};
		047E9BC12AAAB0B2000B61DD /* Debug */ = {
			isa = XCBuildConfiguration;
			buildSettings = {
				ASSETCATALOG_COMPILER_APPICON_NAME = AppIcon;
				ASSETCATALOG_COMPILER_GLOBAL_ACCENT_COLOR_NAME = AccentColor;
				CODE_SIGN_STYLE = Automatic;
				CURRENT_PROJECT_VERSION = 1;
				DEVELOPMENT_TEAM = 43Z3222T2H;
				GENERATE_INFOPLIST_FILE = YES;
				INFOPLIST_FILE = RxSwiftDemo/Info.plist;
				INFOPLIST_KEY_UIApplicationSupportsIndirectInputEvents = YES;
				INFOPLIST_KEY_UILaunchStoryboardName = LaunchScreen;
				INFOPLIST_KEY_UIMainStoryboardFile = Main;
				INFOPLIST_KEY_UISupportedInterfaceOrientations_iPad = "UIInterfaceOrientationPortrait UIInterfaceOrientationPortraitUpsideDown UIInterfaceOrientationLandscapeLeft UIInterfaceOrientationLandscapeRight";
				INFOPLIST_KEY_UISupportedInterfaceOrientations_iPhone = "UIInterfaceOrientationPortrait UIInterfaceOrientationLandscapeLeft UIInterfaceOrientationLandscapeRight";
				LD_RUNPATH_SEARCH_PATHS = (
					"$(inherited)",
					"@executable_path/Frameworks",
				);
				MARKETING_VERSION = 1.0;
				PRODUCT_BUNDLE_IDENTIFIER = com.ben.RxSwiftOperatorDemo.RxSwiftDemo;
				PRODUCT_NAME = "$(TARGET_NAME)";
				SWIFT_EMIT_LOC_STRINGS = YES;
				SWIFT_VERSION = 5.0;
				TARGETED_DEVICE_FAMILY = "1,2";
			};
			name = Debug;
		};
		047E9BC22AAAB0B2000B61DD /* Release */ = {
			isa = XCBuildConfiguration;
			buildSettings = {
				ASSETCATALOG_COMPILER_APPICON_NAME = AppIcon;
				ASSETCATALOG_COMPILER_GLOBAL_ACCENT_COLOR_NAME = AccentColor;
				CODE_SIGN_STYLE = Automatic;
				CURRENT_PROJECT_VERSION = 1;
				DEVELOPMENT_TEAM = 43Z3222T2H;
				GENERATE_INFOPLIST_FILE = YES;
				INFOPLIST_FILE = RxSwiftDemo/Info.plist;
				INFOPLIST_KEY_UIApplicationSupportsIndirectInputEvents = YES;
				INFOPLIST_KEY_UILaunchStoryboardName = LaunchScreen;
				INFOPLIST_KEY_UIMainStoryboardFile = Main;
				INFOPLIST_KEY_UISupportedInterfaceOrientations_iPad = "UIInterfaceOrientationPortrait UIInterfaceOrientationPortraitUpsideDown UIInterfaceOrientationLandscapeLeft UIInterfaceOrientationLandscapeRight";
				INFOPLIST_KEY_UISupportedInterfaceOrientations_iPhone = "UIInterfaceOrientationPortrait UIInterfaceOrientationLandscapeLeft UIInterfaceOrientationLandscapeRight";
				LD_RUNPATH_SEARCH_PATHS = (
					"$(inherited)",
					"@executable_path/Frameworks",
				);
				MARKETING_VERSION = 1.0;
				PRODUCT_BUNDLE_IDENTIFIER = com.ben.RxSwiftOperatorDemo.RxSwiftDemo;
				PRODUCT_NAME = "$(TARGET_NAME)";
				SWIFT_EMIT_LOC_STRINGS = YES;
				SWIFT_VERSION = 5.0;
				TARGETED_DEVICE_FAMILY = "1,2";
			};
			name = Release;
		};
/* End XCBuildConfiguration section */

/* Begin XCConfigurationList section */
		047E9BA72AAAB0B1000B61DD /* Build configuration list for PBXProject "RxSwiftDemo" */ = {
			isa = XCConfigurationList;
			buildConfigurations = (
				047E9BBE2AAAB0B2000B61DD /* Debug */,
				047E9BBF2AAAB0B2000B61DD /* Release */,
			);
			defaultConfigurationIsVisible = 0;
			defaultConfigurationName = Release;
		};
		047E9BC02AAAB0B2000B61DD /* Build configuration list for PBXNativeTarget "RxSwiftDemo" */ = {
			isa = XCConfigurationList;
			buildConfigurations = (
				047E9BC12AAAB0B2000B61DD /* Debug */,
				047E9BC22AAAB0B2000B61DD /* Release */,
			);
			defaultConfigurationIsVisible = 0;
			defaultConfigurationName = Release;
		};
/* End XCConfigurationList section */

/* Begin XCRemoteSwiftPackageReference section */
		047E9BC32AAAB15C000B61DD /* XCRemoteSwiftPackageReference "RxSwift" */ = {
			isa = XCRemoteSwiftPackageReference;
			repositoryURL = "https://github.com/ReactiveX/RxSwift.git";
			requirement = {
				branch = main;
				kind = branch;
			};
		};
/* End XCRemoteSwiftPackageReference section */

/* Begin XCSwiftPackageProductDependency section */
		047E9BC42AAAB15C000B61DD /* RxCocoa */ = {
			isa = XCSwiftPackageProductDependency;
			package = 047E9BC32AAAB15C000B61DD /* XCRemoteSwiftPackageReference "RxSwift" */;
			productName = RxCocoa;
		};
		047E9BC62AAAB15C000B61DD /* RxRelay */ = {
			isa = XCSwiftPackageProductDependency;
			package = 047E9BC32AAAB15C000B61DD /* XCRemoteSwiftPackageReference "RxSwift" */;
			productName = RxRelay;
		};
		047E9BC82AAAB15C000B61DD /* RxSwift */ = {
			isa = XCSwiftPackageProductDependency;
			package = 047E9BC32AAAB15C000B61DD /* XCRemoteSwiftPackageReference "RxSwift" */;
			productName = RxSwift;
		};
/* End XCSwiftPackageProductDependency section */
	};
	rootObject = 047E9BA42AAAB0B1000B61DD /* Project object */;
}
